<?xml version="1.0" encoding="UTF-8" standalone="yes" ?>
<CodeBlocks_project_file>
	<FileVersion major="1" minor="6" />
	<Project>
		<Option title="bauer" />
		<Option pch_mode="2" />
		<Option compiler="gcc" />
		<Build>
			<Target title="Debug">
				<Option output="bin/Debug/bauer" prefix_auto="1" extension_auto="1" />
				<Option object_output="obj/Debug/" />
				<Option type="1" />
				<Option compiler="gcc" />
				<Compiler>
					<Add option="-g" />
					<Add option="-fno-stack-protector" />
				</Compiler>
				<Linker>
					<Add library="curl" />
				</Linker>
			</Target>
			<Target title="Release">
				<Option output="bin/Release/bauer" prefix_auto="1" extension_auto="1" />
				<Option object_output="obj/Release/" />
				<Option type="1" />
				<Option compiler="gcc" />
				<Compiler>
					<Add option="-O2" />
				</Compiler>
				<Linker>
					<Add option="-s" />
				</Linker>
			</Target>
		</Build>
		<Compiler>
			<Add option="-Wall" />
		</Compiler>
		<Unit filename="Abonnes.c">
			<Option compilerVar="CC" />
		</Unit>
		<Unit filename="Abonnes.h" />
		<Unit filename="Emprunts.h" />
		<Unit filename="Emptrunts.c">
			<Option compilerVar="CC" />
		</Unit>
		<Unit filename="Livres.c">
			<Option compilerVar="CC" />
		</Unit>
		<Unit filename="Livres.h" />
		<Unit filename="Menus.c">
			<Option compilerVar="CC" />
		</Unit>
		<Unit filename="Menus.h" />
		<Unit filename="bugs.c">
			<Option compilerVar="CC" />
		</Unit>
		<Unit filename="bugs.h" />
		<Unit filename="fonctions.c">
			<Option compilerVar="CC" />
		</Unit>
		<Unit filename="fonctions.h" />
		<Unit filename="main.c">
			<Option compilerVar="CC" />
		</Unit>
		<Unit filename="version.h" />
		<Extensions>
			<code_completion />
			<debugger />
		</Extensions>
	</Project>
</CodeBlocks_project_file>
